{
  "OperationName": "Getting deployment status",
  "AcquiredDateTime": "2024-02-13T08:23:58.4767665Z",
  "StackTrace": "   at System.Environment.get_StackTrace()\n   at Kudu.Core.Infrastructure.WindowsLockFile.WriteLockInfo(String operationName, Stream lockStream) in /tmp/KuduLite/Kudu.Core/Infrastructure/WindowsLockFile.cs:line 208\n   at Kudu.Core.Infrastructure.WindowsLockFile.Lock(String operationName) in /tmp/KuduLite/Kudu.Core/Infrastructure/WindowsLockFile.cs:line 149\n   at Kudu.Core.Infrastructure.LockFile.Lock(String operationName) in /tmp/KuduLite/Kudu.Core/Infrastructure/LockFile.cs:line 40\n   at Kudu.Contracts.Infrastructure.LockExtensions.TryLockOperation(IOperationLock lockObj, Action operation, String operationName, TimeSpan timeout) in /tmp/KuduLite/Kudu.Contracts/Infrastructure/LockExtensions.cs:line 21\n   at Kudu.Contracts.Infrastructure.LockExtensions.LockOperation[T](IOperationLock lockObj, Func`1 operation, String operationName, TimeSpan timeout) in /tmp/KuduLite/Kudu.Contracts/Infrastructure/LockExtensions.cs:line 59\n   at Kudu.Core.Deployment.DeploymentStatusFile.Open(String id, IEnvironment environment, IAnalytics analytics, IOperationLock statusLock) in /tmp/KuduLite/Kudu.Core/Deployment/DeploymentStatusFile.cs:line 67\n   at Kudu.Services.Web.Startup.CleanDeployments() in /tmp/KuduLite/Kudu.Services.Web/Startup.cs:line 949\n   at Kudu.Services.Web.Startup.Configure(IApplicationBuilder app, IHostApplicationLifetime applicationLifetime, ILoggerFactory loggerFactory) in /tmp/KuduLite/Kudu.Services.Web/Startup.cs:line 862\n   at System.RuntimeMethodHandle.InvokeMethod(Object , Span`1& , Signature , Boolean , Boolean )\n   at System.Reflection.RuntimeMethodInfo.Invoke(Object , BindingFlags , Binder , Object[] , CultureInfo )\n   at Microsoft.AspNetCore.Hosting.ConfigureBuilder.Invoke(Object instance, IApplicationBuilder builder)\n   at Microsoft.AspNetCore.Hosting.ConfigureBuilder.<>c__DisplayClass4_0.<Build>b__0(IApplicationBuilder builder)\n   at Microsoft.AspNetCore.Hosting.ConventionBasedStartup.Configure(IApplicationBuilder app)\n   at Microsoft.AspNetCore.Mvc.Filters.MiddlewareFilterBuilderStartupFilter.<>c__DisplayClass0_0.<Configure>g__MiddlewareFilterBuilder|0(IApplicationBuilder builder)\n   at Microsoft.AspNetCore.HostFilteringStartupFilter.<>c__DisplayClass0_0.<Configure>b__0(IApplicationBuilder app)\n   at Microsoft.AspNetCore.Hosting.WebHost.BuildApplication()\n   at Microsoft.AspNetCore.Hosting.WebHost.StartAsync(CancellationToken cancellationToken)\n   at System.Runtime.CompilerServices.AsyncMethodBuilderCore.Start[TStateMachine](TStateMachine& )\n   at Microsoft.AspNetCore.Hosting.WebHost.StartAsync(CancellationToken cancellationToken)\n   at Microsoft.AspNetCore.Hosting.WebHostExtensions.RunAsync(IWebHost host, CancellationToken token, String startupMessage)\n   at System.Runtime.CompilerServices.AsyncMethodBuilderCore.Start[TStateMachine](TStateMachine& )\n   at Microsoft.AspNetCore.Hosting.WebHostExtensions.RunAsync(IWebHost host, CancellationToken token, String startupMessage)\n   at Microsoft.AspNetCore.Hosting.WebHostExtensions.RunAsync(IWebHost host, CancellationToken token)\n   at System.Runtime.CompilerServices.AsyncMethodBuilderCore.Start[TStateMachine](TStateMachine& )\n   at Microsoft.AspNetCore.Hosting.WebHostExtensions.RunAsync(IWebHost host, CancellationToken token)\n   at Microsoft.AspNetCore.Hosting.WebHostExtensions.Run(IWebHost host)\n   at Kudu.Services.Web.Program.Main(String[] args) in /tmp/KuduLite/Kudu.Services.Web/Program.cs:line 15",
  "InstanceId": "c5cf36"
}